# THIS IS AN AUTOGENERATED FILE. DO NOT EDIT THIS FILE DIRECTLY.
# yarn lockfile v1


"@types/lodash@^4.14.118":
  version "4.14.118"
  resolved "https://registry.yarnpkg.com/@types/lodash/-/lodash-4.14.118.tgz#247bab39bfcc6d910d4927c6e06cbc70ec376f27"

"@types/node@^10.12.6":
  version "10.12.6"
  resolved "https://registry.yarnpkg.com/@types/node/-/node-10.12.6.tgz#7fc213c1b811c90fc9a3edb6206742b95d697678"

immer@^1.7.4:
  version "1.7.4"
  resolved "https://registry.yarnpkg.com/immer/-/immer-1.7.4.tgz#b9a833a61cbeee477a3694870b172c590837a963"

lodash@^4.17.11:
  version "4.17.11"
  resolved "https://registry.yarnpkg.com/lodash/-/lodash-4.17.11.tgz#b39ea6229ef607ecd89e2c8df12536891cac9b8d"
